// !$*UTF8*$!
{
	archiveVersion = 1;
	classes = {
	};
	objectVersion = 50;
	objects = {

/* Begin PBXBuildFile section */
		2662369B27CE229200C783D1 /* AppDelegate.swift in Sources */ = {isa = PBXBuildFile; fileRef = 2662369A27CE229200C783D1 /* AppDelegate.swift */; };
		2662369D27CE229200C783D1 /* SceneDelegate.swift in Sources */ = {isa = PBXBuildFile; fileRef = 2662369C27CE229200C783D1 /* SceneDelegate.swift */; };
		2662369F27CE229200C783D1 /* ViewController.swift in Sources */ = {isa = PBXBuildFile; fileRef = 2662369E27CE229200C783D1 /* ViewController.swift */; };
		266236A227CE229300C783D1 /* Main.storyboard in Resources */ = {isa = PBXBuildFile; fileRef = 266236A027CE229300C783D1 /* Main.storyboard */; };
		266236A527CE229300C783D1 /* StarTinder.xcdatamodeld in Sources */ = {isa = PBXBuildFile; fileRef = 266236A327CE229300C783D1 /* StarTinder.xcdatamodeld */; };
		266236A727CE229300C783D1 /* Assets.xcassets in Resources */ = {isa = PBXBuildFile; fileRef = 266236A627CE229300C783D1 /* Assets.xcassets */; };
		266236AA27CE229300C783D1 /* LaunchScreen.storyboard in Resources */ = {isa = PBXBuildFile; fileRef = 266236A827CE229300C783D1 /* LaunchScreen.storyboard */; };
/* End PBXBuildFile section */

/* Begin PBXFileReference section */
		2662369727CE229200C783D1 /* StarTinder.app */ = {isa = PBXFileReference; explicitFileType = wrapper.application; includeInIndex = 0; path = StarTinder.app; sourceTree = BUILT_PRODUCTS_DIR; };
		2662369A27CE229200C783D1 /* AppDelegate.swift */ = {isa = PBXFileReference; lastKnownFileType = sourcecode.swift; path = AppDelegate.swift; sourceTree = "<group>"; };
		2662369C27CE229200C783D1 /* SceneDelegate.swift */ = {isa = PBXFileReference; lastKnownFileType = sourcecode.swift; path = SceneDelegate.swift; sourceTree = "<group>"; };
		2662369E27CE229200C783D1 /* ViewController.swift */ = {isa = PBXFileReference; lastKnownFileType = sourcecode.swift; path = ViewController.swift; sourceTree = "<group>"; };
		266236A127CE229300C783D1 /* Base */ = {isa = PBXFileReference; lastKnownFileType = file.storyboard; name = Base; path = Base.lproj/Main.storyboard; sourceTree = "<group>"; };
		266236A427CE229300C783D1 /* StarTinder.xcdatamodel */ = {isa = PBXFileReference; lastKnownFileType = wrapper.xcdatamodel; path = StarTinder.xcdatamodel; sourceTree = "<group>"; };
		266236A627CE229300C783D1 /* Assets.xcassets */ = {isa = PBXFileReference; lastKnownFileType = folder.assetcatalog; path = Assets.xcassets; sourceTree = "<group>"; };
		266236A927CE229300C783D1 /* Base */ = {isa = PBXFileReference; lastKnownFileType = file.storyboard; name = Base; path = Base.lproj/LaunchScreen.storyboard; sourceTree = "<group>"; };
		266236AB27CE229300C783D1 /* Info.plist */ = {isa = PBXFileReference; lastKnownFileType = text.plist.xml; path = Info.plist; sourceTree = "<group>"; };
/* End PBXFileReference section */

/* Begin PBXFrameworksBuildPhase section */
		2662369427CE229200C783D1 /* Frameworks */ = {
			isa = PBXFrameworksBuildPhase;
			buildActionMask = 2147483647;
			files = (
			);
			runOnlyForDeploymentPostprocessing = 0;
		};
/* End PBXFrameworksBuildPhase section */

/* Begin PBXGroup section */
		2662368E27CE229200C783D1 = {
			isa = PBXGroup;
			children = (
				2662369927CE229200C783D1 /* StarTinder */,
				2662369827CE229200C783D1 /* Products */,
			);
			sourceTree = "<group>";
		};
		2662369827CE229200C783D1 /* Products */ = {
			isa = PBXGroup;
			children = (
				2662369727CE229200C783D1 /* StarTinder.app */,
			);
			name = Products;
			sourceTree = "<group>";
		};
		2662369927CE229200C783D1 /* StarTinder */ = {
			isa = PBXGroup;
			children = (
				266236B227CE251100C783D1 /* Presenter */,
				266236A627CE229300C783D1 /* Assets.xcassets */,
				266236AB27CE229300C783D1 /* Info.plist */,
				266236A327CE229300C783D1 /* StarTinder.xcdatamodeld */,
				266236B127CE250B00C783D1 /* Sources */,
				266236B327CE251D00C783D1 /* Storyboard */,
			);
			path = StarTinder;
			sourceTree = "<group>";
		};
		266236B127CE250B00C783D1 /* Sources */ = {
			isa = PBXGroup;
			children = (
				2662369A27CE229200C783D1 /* AppDelegate.swift */,
				2662369C27CE229200C783D1 /* SceneDelegate.swift */,
			);
			path = Sources;
			sourceTree = "<group>";
		};
		266236B227CE251100C783D1 /* Presenter */ = {
			isa = PBXGroup;
			children = (
				2662369E27CE229200C783D1 /* ViewController.swift */,
			);
			path = Presenter;
			sourceTree = "<group>";
		};
		266236B327CE251D00C783D1 /* Storyboard */ = {
			isa = PBXGroup;
			children = (
				266236A027CE229300C783D1 /* Main.storyboard */,
				266236A827CE229300C783D1 /* LaunchScreen.storyboard */,
			);
			path = Storyboard;
			sourceTree = "<group>";
		};
/* End PBXGroup section */

/* Begin PBXNativeTarget section */
		2662369627CE229200C783D1 /* StarTinder */ = {
			isa = PBXNativeTarget;
			buildConfigurationList = 266236AE27CE229300C783D1 /* Build configuration list for PBXNativeTarget "StarTinder" */;
			buildPhases = (
				2662369327CE229200C783D1 /* Sources */,
				2662369427CE229200C783D1 /* Frameworks */,
				2662369527CE229200C783D1 /* Resources */,
			);
			buildRules = (
			);
			dependencies = (
			);
			name = StarTinder;
			productName = StarTinder;
			productReference = 2662369727CE229200C783D1 /* StarTinder.app */;
			productType = "com.apple.product-type.application";
		};
/* End PBXNativeTarget section */

/* Begin PBXProject section */
		2662368F27CE229200C783D1 /* Project object */ = {
			isa = PBXProject;
			attributes = {
				LastSwiftUpdateCheck = 1130;
				LastUpgradeCheck = 1130;
				ORGANIZATIONNAME = "Georgianne Morra";
				TargetAttributes = {
					2662369627CE229200C783D1 = {
						CreatedOnToolsVersion = 11.3.1;
					};
				};
			};
			buildConfigurationList = 2662369227CE229200C783D1 /* Build configuration list for PBXProject "StarTinder" */;
			compatibilityVersion = "Xcode 9.3";
			developmentRegion = en;
			hasScannedForEncodings = 0;
			knownRegions = (
				en,
				Base,
			);
			mainGroup = 2662368E27CE229200C783D1;
			productRefGroup = 2662369827CE229200C783D1 /* Products */;
			projectDirPath = "";
			projectRoot = "";
			targets = (
				2662369627CE229200C783D1 /* StarTinder */,
			);
		};
/* End PBXProject section */

/* Begin PBXResourcesBuildPhase section */
		2662369527CE229200C783D1 /* Resources */ = {
			isa = PBXResourcesBuildPhase;
			buildActionMask = 2147483647;
			files = (
				266236AA27CE229300C783D1 /* LaunchScreen.storyboard in Resources */,
				266236A727CE229300C783D1 /* Assets.xcassets in Resources */,
				266236A227CE229300C783D1 /* Main.storyboard in Resources */,
			);
			runOnlyForDeploymentPostprocessing = 0;
		};
/* End PBXResourcesBuildPhase section */

/* Begin PBXSourcesBuildPhase section */
		2662369327CE229200C783D1 /* Sources */ = {
			isa = PBXSourcesBuildPhase;
			buildActionMask = 2147483647;
			files = (
				2662369F27CE229200C783D1 /* ViewController.swift in Sources */,
				2662369B27CE229200C783D1 /* AppDelegate.swift in Sources */,
				2662369D27CE229200C783D1 /* SceneDelegate.swift in Sources */,
				266236A527CE229300C783D1 /* StarTinder.xcdatamodeld in Sources */,
			);
			runOnlyForDeploymentPostprocessing = 0;
		};
/* End PBXSourcesBuildPhase section */

/* Begin PBXVariantGroup section */
		266236A027CE229300C783D1 /* Main.storyboard */ = {
			isa = PBXVariantGroup;
			children = (
				266236A127CE229300C783D1 /* Base */,
			);
			name = Main.storyboard;
			sourceTree = "<group>";
		};
		266236A827CE229300C783D1 /* LaunchScreen.storyboard */ = {
			isa = PBXVariantGroup;
			children = (
				266236A927CE229300C783D1 /* Base */,
			);
			name = LaunchScreen.storyboard;
			sourceTree = "<group>";
		};
/* End PBXVariantGroup section */

/* Begin XCBuildConfiguration section */
		266236AC27CE229300C783D1 /* Debug */ = {
			isa = XCBuildConfiguration;
			buildSettings = {
				ALWAYS_SEARCH_USER_PATHS = NO;
				CLANG_ANALYZER_NONNULL = YES;
				CLANG_ANALYZER_NUMBER_OBJECT_CONVERSION = YES_AGGRESSIVE;
				CLANG_CXX_LANGUAGE_STANDARD = "gnu++14";
				CLANG_CXX_LIBRARY = "libc++";
				CLANG_ENABLE_MODULES = YES;
				CLANG_ENABLE_OBJC_ARC = YES;
				CLANG_ENABLE_OBJC_WEAK = YES;
				CLANG_WARN_BLOCK_CAPTURE_AUTORELEASING = YES;
				CLANG_WARN_BOOL_CONVERSION = YES;
				CLANG_WARN_COMMA = YES;
				CLANG_WARN_CONSTANT_CONVERSION = YES;
				CLANG_WARN_DEPRECATED_OBJC_IMPLEMENTATIONS = YES;
				CLANG_WARN_DIRECT_OBJC_ISA_USAGE = YES_ERROR;
				CLANG_WARN_DOCUMENTATION_COMMENTS = YES;
				CLANG_WARN_EMPTY_BODY = YES;
				CLANG_WARN_ENUM_CONVERSION = YES;
				CLANG_WARN_INFINITE_RECURSION = YES;
				CLANG_WARN_INT_CONVERSION = YES;
				CLANG_WARN_NON_LITERAL_NULL_CONVERSION = YES;
				CLANG_WARN_OBJC_IMPLICIT_RETAIN_SELF = YES;
				CLANG_WARN_OBJC_LITERAL_CONVERSION = YES;
				CLANG_WARN_OBJC_ROOT_CLASS = YES_ERROR;
				CLANG_WARN_RANGE_LOOP_ANALYSIS = YES;
				CLANG_WARN_STRICT_PROTOTYPES = YES;
				CLANG_WARN_SUSPICIOUS_MOVE = YES;
				CLANG_WARN_UNGUARDED_AVAILABILITY = YES_AGGRESSIVE;
				CLANG_WARN_UNREACHABLE_CODE = YES;
				CLANG_WARN__DUPLICATE_METHOD_MATCH = YES;
				COPY_PHASE_STRIP = NO;
				DEBUG_INFORMATION_FORMAT = dwarf;
				ENABLE_STRICT_OBJC_MSGSEND = YES;
				ENABLE_TESTABILITY = YES;
				GCC_C_LANGUAGE_STANDARD = gnu11;
				GCC_DYNAMIC_NO_PIC = NO;
				GCC_NO_COMMON_BLOCKS = YES;
				GCC_OPTIMIZATION_LEVEL = 0;
				GCC_PREPROCESSOR_DEFINITIONS = (
					"DEBUG=1",
					"$(inherited)",
				);
				GCC_WARN_64_TO_32_BIT_CONVERSION = YES;
				GCC_WARN_ABOUT_RETURN_TYPE = YES_ERROR;
				GCC_WARN_UNDECLARED_SELECTOR = YES;
				GCC_WARN_UNINITIALIZED_AUTOS = YES_AGGRESSIVE;
				GCC_WARN_UNUSED_FUNCTION = YES;
				GCC_WARN_UNUSED_VARIABLE = YES;
				IPHONEOS_DEPLOYMENT_TARGET = 13.2;
				MTL_ENABLE_DEBUG_INFO = INCLUDE_SOURCE;
				MTL_FAST_MATH = YES;
				ONLY_ACTIVE_ARCH = YES;
				SDKROOT = iphoneos;
				SWIFT_ACTIVE_COMPILATION_CONDITIONS = DEBUG;
				SWIFT_OPTIMIZATION_LEVEL = "-Onone";
			};
			name = Debug;
		};
		266236AD27CE229300C783D1 /* Release */ = {
			isa = XCBuildConfiguration;
			buildSettings = {
				ALWAYS_SEARCH_USER_PATHS = NO;
				CLANG_ANALYZER_NONNULL = YES;
				CLANG_ANALYZER_NUMBER_OBJECT_CONVERSION = YES_AGGRESSIVE;
				CLANG_CXX_LANGUAGE_STANDARD = "gnu++14";
				CLANG_CXX_LIBRARY = "libc++";
				CLANG_ENABLE_MODULES = YES;
				CLANG_ENABLE_OBJC_ARC = YES;
				CLANG_ENABLE_OBJC_WEAK = YES;
				CLANG_WARN_BLOCK_CAPTURE_AUTORELEASING = YES;
				CLANG_WARN_BOOL_CONVERSION = YES;
				CLANG_WARN_COMMA = YES;
				CLANG_WARN_CONSTANT_CONVERSION = YES;
				CLANG_WARN_DEPRECATED_OBJC_IMPLEMENTATIONS = YES;
				CLANG_WARN_DIRECT_OBJC_ISA_USAGE = YES_ERROR;
				CLANG_WARN_DOCUMENTATION_COMMENTS = YES;
				CLANG_WARN_EMPTY_BODY = YES;
				CLANG_WARN_ENUM_CONVERSION = YES;
				CLANG_WARN_INFINITE_RECURSION = YES;
				CLANG_WARN_INT_CONVERSION = YES;
				CLANG_WARN_NON_LITERAL_NULL_CONVERSION = YES;
				CLANG_WARN_OBJC_IMPLICIT_RETAIN_SELF = YES;
				CLANG_WARN_OBJC_LITERAL_CONVERSION = YES;
				CLANG_WARN_OBJC_ROOT_CLASS = YES_ERROR;
				CLANG_WARN_RANGE_LOOP_ANALYSIS = YES;
				CLANG_WARN_STRICT_PROTOTYPES = YES;
				CLANG_WARN_SUSPICIOUS_MOVE = YES;
				CLANG_WARN_UNGUARDED_AVAILABILITY = YES_AGGRESSIVE;
				CLANG_WARN_UNREACHABLE_CODE = YES;
				CLANG_WARN__DUPLICATE_METHOD_MATCH = YES;
				COPY_PHASE_STRIP = NO;
				DEBUG_INFORMATION_FORMAT = "dwarf-with-dsym";
				ENABLE_NS_ASSERTIONS = NO;
				ENABLE_STRICT_OBJC_MSGSEND = YES;
				GCC_C_LANGUAGE_STANDARD = gnu11;
				GCC_NO_COMMON_BLOCKS = YES;
				GCC_WARN_64_TO_32_BIT_CONVERSION = YES;
				GCC_WARN_ABOUT_RETURN_TYPE = YES_ERROR;
				GCC_WARN_UNDECLARED_SELECTOR = YES;
				GCC_WARN_UNINITIALIZED_AUTOS = YES_AGGRESSIVE;
				GCC_WARN_UNUSED_FUNCTION = YES;
				GCC_WARN_UNUSED_VARIABLE = YES;
				IPHONEOS_DEPLOYMENT_TARGET = 13.2;
				MTL_ENABLE_DEBUG_INFO = NO;
				MTL_FAST_MATH = YES;
				SDKROOT = iphoneos;
				SWIFT_COMPILATION_MODE = wholemodule;
				SWIFT_OPTIMIZATION_LEVEL = "-O";
				VALIDATE_PRODUCT = YES;
			};
			name = Release;
		};
		266236AF27CE229300C783D1 /* Debug */ = {
			isa = XCBuildConfiguration;
			buildSettings = {
				ASSETCATALOG_COMPILER_APPICON_NAME = AppIcon;
				CODE_SIGN_STYLE = Automatic;
				INFOPLIST_FILE = StarTinder/Info.plist;
				LD_RUNPATH_SEARCH_PATHS = (
					"$(inherited)",
					"@executable_path/Frameworks",
				);
				PRODUCT_BUNDLE_IDENTIFIER = gmorra.StarTinder;
				PRODUCT_NAME = "$(TARGET_NAME)";
				SWIFT_VERSION = 5.0;
				TARGETED_DEVICE_FAMILY = "1,2";
			};
			name = Debug;
		};
		266236B027CE229300C783D1 /* Release */ = {
			isa = XCBuildConfiguration;
			buildSettings = {
				ASSETCATALOG_COMPILER_APPICON_NAME = AppIcon;
				CODE_SIGN_STYLE = Automatic;
				INFOPLIST_FILE = StarTinder/Info.plist;
				LD_RUNPATH_SEARCH_PATHS = (
					"$(inherited)",
					"@executable_path/Frameworks",
				);
				PRODUCT_BUNDLE_IDENTIFIER = gmorra.StarTinder;
				PRODUCT_NAME = "$(TARGET_NAME)";
				SWIFT_VERSION = 5.0;
				TARGETED_DEVICE_FAMILY = "1,2";
			};
			name = Release;
		};
/* End XCBuildConfiguration section */

/* Begin XCConfigurationList section */
		2662369227CE229200C783D1 /* Build configuration list for PBXProject "StarTinder" */ = {
			isa = XCConfigurationList;
			buildConfigurations = (
				266236AC27CE229300C783D1 /* Debug */,
				266236AD27CE229300C783D1 /* Release */,
			);
			defaultConfigurationIsVisible = 0;
			defaultConfigurationName = Release;
		};
		266236AE27CE229300C783D1 /* Build configuration list for PBXNativeTarget "StarTinder" */ = {
			isa = XCConfigurationList;
			buildConfigurations = (
				266236AF27CE229300C783D1 /* Debug */,
				266236B027CE229300C783D1 /* Release */,
			);
			defaultConfigurationIsVisible = 0;
			defaultConfigurationName = Release;
		};
/* End XCConfigurationList section */

/* Begin XCVersionGroup section */
		266236A327CE229300C783D1 /* StarTinder.xcdatamodeld */ = {
			isa = XCVersionGroup;
			children = (
				266236A427CE229300C783D1 /* StarTinder.xcdatamodel */,
			);
			currentVersion = 266236A427CE229300C783D1 /* StarTinder.xcdatamodel */;
			path = StarTinder.xcdatamodeld;
			sourceTree = "<group>";
			versionGroupType = wrapper.xcdatamodel;
		};
/* End XCVersionGroup section */
	};
	rootObject = 2662368F27CE229200C783D1 /* Project object */;
}
